
Microsoft Visual Studio Solution File, Format Version 12.00
# Visual Studio Version 16
VisualStudioVersion = 16.0.30413.136
MinimumVisualStudioVersion = 10.0.40219.1
Project("{FAE04EC0-301F-11D3-BF4B-00C04F79EFBC}") = "OverloadingMethods", "OverloadingMethods\OverloadingMethods.csproj", "{7BDBA2D8-81C9-45FC-A20D-63145CD8B65B}"
EndProject
Global
	GlobalSection(SolutionConfigurationPlatforms) = preSolution
		Debug|Any CPU = Debug|Any CPU
		Release|Any CPU = Release|Any CPU
	EndGlobalSection
	GlobalSection(ProjectConfigurationPlatforms) = postSolution
		{7BDBA2D8-81C9-45FC-A20D-63145CD8B65B}.Debug|Any CPU.ActiveCfg = Debug|Any CPU
		{7BDBA2D8-81C9-45FC-A20D-63145CD8B65B}.Debug|Any CPU.Build.0 = Debug|Any CPU
		{7BDBA2D8-81C9-45FC-A20D-63145CD8B65B}.Release|Any CPU.ActiveCfg = Release|Any CPU
		{7BDBA2D8-81C9-45FC-A20D-63145CD8B65B}.Release|Any CPU.Build.0 = Release|Any CPU
	EndGlobalSection
	GlobalSection(SolutionProperties) = preSolution
		HideSolutionNode = FALSE
	EndGlobalSection
	GlobalSection(ExtensibilityGlobals) = postSolution
		SolutionGuid = {F7CB6D51-5D85-4D8D-8E41-CCF1E9F6417C}
	EndGlobalSection
EndGlobal
